
Microsoft Visual Studio Solution File, Format Version 12.00
# Visual Studio 15
VisualStudioVersion = 15.0.28307.106
MinimumVisualStudioVersion = 10.0.40219.1
Project("{FAE04EC0-301F-11D3-BF4B-00C04F79EFBC}") = "TimerDemo", "TimerDemo\TimerDemo.csproj", "{6A17B93C-E061-462F-89F8-7DFC1E8E498C}"
EndProject
Project("{FAE04EC0-301F-11D3-BF4B-00C04F79EFBC}") = "TextBoxDemo", "TextBoxDemo\TextBoxDemo.csproj", "{DC66BCD4-8335-40FB-BF93-5F30A2371B75}"
EndProject
Project("{FAE04EC0-301F-11D3-BF4B-00C04F79EFBC}") = "DialogDemo", "DialogDemo\DialogDemo.csproj", "{0A955C8C-B289-4015-89EC-DD0543B3529D}"
EndProject
Project("{FAE04EC0-301F-11D3-BF4B-00C04F79EFBC}") = "AutoSizeDemo", "AutoSizeDemo\AutoSizeDemo.csproj", "{E8060748-38A0-47DA-AAB8-455563940968}"
EndProject
Project("{FAE04EC0-301F-11D3-BF4B-00C04F79EFBC}") = "Demo0.0", "Demo0.0\Demo0.0.csproj", "{EE3AC19D-3720-44D2-9B82-E0279C814828}"
EndProject
Project("{FAE04EC0-301F-11D3-BF4B-00C04F79EFBC}") = "DemoField", "DemoField\DemoField.csproj", "{B5AA97E4-8CE8-4E9B-8D4E-BD2DF664A768}"
EndProject
Project("{FAE04EC0-301F-11D3-BF4B-00C04F79EFBC}") = "ObjectDemo", "ObjectDemo\ObjectDemo.csproj", "{7CE95886-D1E8-4013-9537-5946FC01CAFF}"
EndProject
Project("{FAE04EC0-301F-11D3-BF4B-00C04F79EFBC}") = "MaintoSub", "MaintoSub\MaintoSub.csproj", "{986C8942-0541-4067-82FF-FC1D172D291E}"
EndProject
Project("{FAE04EC0-301F-11D3-BF4B-00C04F79EFBC}") = "StudyCSV", "StudyCSV\StudyCSV.csproj", "{6FBA1BA7-5339-45EB-B01F-080AAA9D317E}"
EndProject
Project("{FAE04EC0-301F-11D3-BF4B-00C04F79EFBC}") = "FileSystemDemo", "FileSystemDemo\FileSystemDemo.csproj", "{08024321-975C-43C0-BE9E-D377D8DA83E7}"
EndProject
Project("{FAE04EC0-301F-11D3-BF4B-00C04F79EFBC}") = "StepByStep", "StepByStep\StepByStep.csproj", "{B8CAF445-AE0A-491E-9A38-56D2F59175A0}"
EndProject
Project("{FAE04EC0-301F-11D3-BF4B-00C04F79EFBC}") = "TestCSV", "TestCSV\TestCSV.csproj", "{F7AB0FF4-69FA-4D2F-948D-2D31157C28F7}"
EndProject
Project("{FAE04EC0-301F-11D3-BF4B-00C04F79EFBC}") = "解析路径", "解析路径\解析路径.csproj", "{E8F75EEA-5011-43B0-894D-33219683DB7F}"
EndProject
Global
	GlobalSection(SolutionConfigurationPlatforms) = preSolution
		Debug|Any CPU = Debug|Any CPU
		Release|Any CPU = Release|Any CPU
	EndGlobalSection
	GlobalSection(ProjectConfigurationPlatforms) = postSolution
		{6A17B93C-E061-462F-89F8-7DFC1E8E498C}.Debug|Any CPU.ActiveCfg = Debug|Any CPU
		{6A17B93C-E061-462F-89F8-7DFC1E8E498C}.Debug|Any CPU.Build.0 = Debug|Any CPU
		{6A17B93C-E061-462F-89F8-7DFC1E8E498C}.Release|Any CPU.ActiveCfg = Release|Any CPU
		{6A17B93C-E061-462F-89F8-7DFC1E8E498C}.Release|Any CPU.Build.0 = Release|Any CPU
		{DC66BCD4-8335-40FB-BF93-5F30A2371B75}.Debug|Any CPU.ActiveCfg = Debug|Any CPU
		{DC66BCD4-8335-40FB-BF93-5F30A2371B75}.Debug|Any CPU.Build.0 = Debug|Any CPU
		{DC66BCD4-8335-40FB-BF93-5F30A2371B75}.Release|Any CPU.ActiveCfg = Release|Any CPU
		{DC66BCD4-8335-40FB-BF93-5F30A2371B75}.Release|Any CPU.Build.0 = Release|Any CPU
		{0A955C8C-B289-4015-89EC-DD0543B3529D}.Debug|Any CPU.ActiveCfg = Debug|Any CPU
		{0A955C8C-B289-4015-89EC-DD0543B3529D}.Debug|Any CPU.Build.0 = Debug|Any CPU
		{0A955C8C-B289-4015-89EC-DD0543B3529D}.Release|Any CPU.ActiveCfg = Release|Any CPU
		{0A955C8C-B289-4015-89EC-DD0543B3529D}.Release|Any CPU.Build.0 = Release|Any CPU
		{E8060748-38A0-47DA-AAB8-455563940968}.Debug|Any CPU.ActiveCfg = Debug|Any CPU
		{E8060748-38A0-47DA-AAB8-455563940968}.Debug|Any CPU.Build.0 = Debug|Any CPU
		{E8060748-38A0-47DA-AAB8-455563940968}.Release|Any CPU.ActiveCfg = Release|Any CPU
		{E8060748-38A0-47DA-AAB8-455563940968}.Release|Any CPU.Build.0 = Release|Any CPU
		{EE3AC19D-3720-44D2-9B82-E0279C814828}.Debug|Any CPU.ActiveCfg = Debug|Any CPU
		{EE3AC19D-3720-44D2-9B82-E0279C814828}.Debug|Any CPU.Build.0 = Debug|Any CPU
		{EE3AC19D-3720-44D2-9B82-E0279C814828}.Release|Any CPU.ActiveCfg = Release|Any CPU
		{EE3AC19D-3720-44D2-9B82-E0279C814828}.Release|Any CPU.Build.0 = Release|Any CPU
		{B5AA97E4-8CE8-4E9B-8D4E-BD2DF664A768}.Debug|Any CPU.ActiveCfg = Debug|Any CPU
		{B5AA97E4-8CE8-4E9B-8D4E-BD2DF664A768}.Debug|Any CPU.Build.0 = Debug|Any CPU
		{B5AA97E4-8CE8-4E9B-8D4E-BD2DF664A768}.Release|Any CPU.ActiveCfg = Release|Any CPU
		{B5AA97E4-8CE8-4E9B-8D4E-BD2DF664A768}.Release|Any CPU.Build.0 = Release|Any CPU
		{7CE95886-D1E8-4013-9537-5946FC01CAFF}.Debug|Any CPU.ActiveCfg = Debug|Any CPU
		{7CE95886-D1E8-4013-9537-5946FC01CAFF}.Debug|Any CPU.Build.0 = Debug|Any CPU
		{7CE95886-D1E8-4013-9537-5946FC01CAFF}.Release|Any CPU.ActiveCfg = Release|Any CPU
		{7CE95886-D1E8-4013-9537-5946FC01CAFF}.Release|Any CPU.Build.0 = Release|Any CPU
		{986C8942-0541-4067-82FF-FC1D172D291E}.Debug|Any CPU.ActiveCfg = Debug|Any CPU
		{986C8942-0541-4067-82FF-FC1D172D291E}.Debug|Any CPU.Build.0 = Debug|Any CPU
		{986C8942-0541-4067-82FF-FC1D172D291E}.Release|Any CPU.ActiveCfg = Release|Any CPU
		{986C8942-0541-4067-82FF-FC1D172D291E}.Release|Any CPU.Build.0 = Release|Any CPU
		{6FBA1BA7-5339-45EB-B01F-080AAA9D317E}.Debug|Any CPU.ActiveCfg = Debug|Any CPU
		{6FBA1BA7-5339-45EB-B01F-080AAA9D317E}.Debug|Any CPU.Build.0 = Debug|Any CPU
		{6FBA1BA7-5339-45EB-B01F-080AAA9D317E}.Release|Any CPU.ActiveCfg = Release|Any CPU
		{6FBA1BA7-5339-45EB-B01F-080AAA9D317E}.Release|Any CPU.Build.0 = Release|Any CPU
		{08024321-975C-43C0-BE9E-D377D8DA83E7}.Debug|Any CPU.ActiveCfg = Debug|Any CPU
		{08024321-975C-43C0-BE9E-D377D8DA83E7}.Debug|Any CPU.Build.0 = Debug|Any CPU
		{08024321-975C-43C0-BE9E-D377D8DA83E7}.Release|Any CPU.ActiveCfg = Release|Any CPU
		{08024321-975C-43C0-BE9E-D377D8DA83E7}.Release|Any CPU.Build.0 = Release|Any CPU
		{B8CAF445-AE0A-491E-9A38-56D2F59175A0}.Debug|Any CPU.ActiveCfg = Debug|Any CPU
		{B8CAF445-AE0A-491E-9A38-56D2F59175A0}.Debug|Any CPU.Build.0 = Debug|Any CPU
		{B8CAF445-AE0A-491E-9A38-56D2F59175A0}.Release|Any CPU.ActiveCfg = Release|Any CPU
		{B8CAF445-AE0A-491E-9A38-56D2F59175A0}.Release|Any CPU.Build.0 = Release|Any CPU
		{F7AB0FF4-69FA-4D2F-948D-2D31157C28F7}.Debug|Any CPU.ActiveCfg = Debug|Any CPU
		{F7AB0FF4-69FA-4D2F-948D-2D31157C28F7}.Debug|Any CPU.Build.0 = Debug|Any CPU
		{F7AB0FF4-69FA-4D2F-948D-2D31157C28F7}.Release|Any CPU.ActiveCfg = Release|Any CPU
		{F7AB0FF4-69FA-4D2F-948D-2D31157C28F7}.Release|Any CPU.Build.0 = Release|Any CPU
		{E8F75EEA-5011-43B0-894D-33219683DB7F}.Debug|Any CPU.ActiveCfg = Debug|Any CPU
		{E8F75EEA-5011-43B0-894D-33219683DB7F}.Debug|Any CPU.Build.0 = Debug|Any CPU
		{E8F75EEA-5011-43B0-894D-33219683DB7F}.Release|Any CPU.ActiveCfg = Release|Any CPU
		{E8F75EEA-5011-43B0-894D-33219683DB7F}.Release|Any CPU.Build.0 = Release|Any CPU
	EndGlobalSection
	GlobalSection(SolutionProperties) = preSolution
		HideSolutionNode = FALSE
	EndGlobalSection
	GlobalSection(ExtensibilityGlobals) = postSolution
		SolutionGuid = {091E9DEF-5174-40AD-AA5C-4ABB54B0BBC7}
	EndGlobalSection
EndGlobal
